# THIS IS AN AUTOGENERATED FILE. DO NOT EDIT THIS FILE DIRECTLY.
# yarn lockfile v1


"@thi.ng/api@^8.8.2":
  version "8.8.2"
  resolved "https://registry.yarnpkg.com/@thi.ng/api/-/api-8.8.2.tgz#08362b3fda8ddc6a14c97753a07e10b78791f644"
  integrity sha512-kJCBKhHEYv/gSnbrCGnEgoAX/9bRmVSttQ0GVqQIdJlW3IFlgtz3kz357zcYNQ8mB6cY87e0XxJY3VdbYsgiyQ==

"@thi.ng/arrays@^2.5.13":
  version "2.5.13"
  resolved "https://registry.yarnpkg.com/@thi.ng/arrays/-/arrays-2.5.13.tgz#c555f56154c7f51d53bf1170e2063191a0713c0d"
  integrity sha512-Rj/XHpmZ5DXvqaHWcoZ5NTzaC4TEqgvid9uvSsaAFI2KCMrF4Zu7ccQ6bI0cQAldGOtV1kuUv/MncUZpcTllMQ==
  dependencies:
    "@thi.ng/api" "^8.8.2"
    "@thi.ng/checks" "^3.3.14"
    "@thi.ng/compare" "^2.1.32"
    "@thi.ng/equiv" "^2.1.24"
    "@thi.ng/errors" "^2.2.17"
    "@thi.ng/random" "^3.4.2"

"@thi.ng/checks@^3.3.14":
  version "3.3.14"
  resolved "https://registry.yarnpkg.com/@thi.ng/checks/-/checks-3.3.14.tgz#660c83d14656d646564ac270c27ee47ea4d7d0d8"
  integrity sha512-VI6x33GD8ahhVH9BJnJKLdjklO8bUtnoa2SWijphQ7U0Sizai3r4z7bn8cY6YLx6qm+kZgTchzn/Td/SL69qzA==
  dependencies:
    tslib "^2.5.3"

"@thi.ng/compare@^2.1.32":
  version "2.1.32"
  resolved "https://registry.yarnpkg.com/@thi.ng/compare/-/compare-2.1.32.tgz#2a1d655eeca53e102863f5974f686d772cb9d197"
  integrity sha512-Th+G9oYIqeKhTYvHecYO7z4LaRGGnFx2MS8/01Mmr6C920gUzeXdTJxNCbsUoJBUqX6fXh9RLnOFQ3x7vLhhjw==
  dependencies:
    "@thi.ng/api" "^8.8.2"

"@thi.ng/equiv@^2.1.24":
  version "2.1.24"
  resolved "https://registry.yarnpkg.com/@thi.ng/equiv/-/equiv-2.1.24.tgz#34cc54d75bda8d0eb7023998fe3d58744e6aec76"
  integrity sha512-PRzNJFobyvEfR1TQ1g3Zrl40cX7P8D7tnE/uPQyqFrPTUnuBquuE79ivYqrHq5UZXdjBRlUB2886K/aJrftyRw==

"@thi.ng/errors@^2.2.17":
  version "2.2.17"
  resolved "https://registry.yarnpkg.com/@thi.ng/errors/-/errors-2.2.17.tgz#0a4cc59e4a2a3c607db65052f71be62d805dff9a"
  integrity sha512-gL1KOHVQpSX9e5BDbKzxJcXj+tM2T6dJOxXTJz3nHNSXT6VdEsXCVeLKGUFBkLkA5QsH/nzmgQq7a5vS7cdGTA==

"@thi.ng/hex@^2.3.11":
  version "2.3.11"
  resolved "https://registry.yarnpkg.com/@thi.ng/hex/-/hex-2.3.11.tgz#2da08c5c2bfd4eb62d27544870cf972090771555"
  integrity sha512-GFsrAIMybSlBRTFxlhMQQUe7LNk7Ry2ZKBJAlxtke0FoIAPLK7at2U4FvuQDG59wsa5sVrzsYMziJe3is8Do1Q==

"@thi.ng/random@^3.4.2":
  version "3.4.2"
  resolved "https://registry.yarnpkg.com/@thi.ng/random/-/random-3.4.2.tgz#d3a815e53f684da62457b14759ead152c1702ee2"
  integrity sha512-+82/lCfQh8HY84sZ5tGBQHQzanvK3o/p+elP74osEZEkB9NE/tQbuzgrfBjti05pwOBarQHle810f1fv3IQpnQ==
  dependencies:
    "@thi.ng/api" "^8.8.2"
    "@thi.ng/checks" "^3.3.14"
    "@thi.ng/errors" "^2.2.17"
    "@thi.ng/hex" "^2.3.11"

"@tsconfig/recommended@^1.0.1":
  version "1.0.1"
  resolved "https://registry.yarnpkg.com/@tsconfig/recommended/-/recommended-1.0.1.tgz#7619bad397e06ead1c5182926c944e0ca6177f52"
  integrity sha512-2xN+iGTbPBEzGSnVp/Hd64vKJCJWxsi9gfs88x4PPMyEjHJoA3o5BY9r5OLPHIZU2pAQxkSAsJFqn6itClP8mQ==

prettier@^2.7.1:
  version "2.7.1"
  resolved "https://registry.yarnpkg.com/prettier/-/prettier-2.7.1.tgz#e235806850d057f97bb08368a4f7d899f7760c64"
  integrity sha512-ujppO+MkdPqoVINuDFDRLClm7D78qbDt0/NR+wp5FqEZOoTNAjPHWj17QRhu7geIHJfcNhRk1XVQmF8Bp3ye+g==

simplex-noise@^4.0.1:
  version "4.0.1"
  resolved "https://registry.yarnpkg.com/simplex-noise/-/simplex-noise-4.0.1.tgz#1573a4eaa46ce488bdf5f1e7ab3a1f798126781f"
  integrity sha512-zl/+bdSqW7HJOQ0oDbxrNYaF4F5ik0i7M6YOYmEoIJNtg16NpvWaTTM1Y7oV/7T0jFljawLgYPS81Uu2rsfo1A==

tslib@^2.5.3:
  version "2.6.0"
  resolved "https://registry.yarnpkg.com/tslib/-/tslib-2.6.0.tgz#b295854684dbda164e181d259a22cd779dcd7bc3"
  integrity sha512-7At1WUettjcSRHXCyYtTselblcHl9PJFFVKiCAy/bY97+BPZXSQ2wbq0P9s8tK2G7dFQfNnlJnPAiArVBVBsfA==

typescript@^4.8.2:
  version "4.8.4"
  resolved "https://registry.yarnpkg.com/typescript/-/typescript-4.8.4.tgz#c464abca159669597be5f96b8943500b238e60e6"
  integrity sha512-QCh+85mCy+h0IGff8r5XWzOVSbBO+KfeYrMQh7NJ58QujwcE22u+NUSmUxqF+un70P9GXKxa2HCNiTTMJknyjQ==
